hash: eedb738e6a85084097d2ee9195eb6ce0b0fcc7ef9e237fc2449e933d48896e72
updated: 2017-02-06T16:05:54.447531155-05:00
imports:
- name: github.com/docker/distribution
  version: fb0bebc4b64e3881cc52a2478d749845ed76d2a8
  subpackages:
  - digestset
  - reference
- name: github.com/docker/docker
  version: dc15fe8a34df42a97d20b26338dc5ef13897c9fa
  subpackages:
  - api/types
  - api/types/blkiodev
  - api/types/container
  - api/types/events
  - api/types/filters
  - api/types/image
  - api/types/mount
  - api/types/network
  - api/types/reference
  - api/types/registry
  - api/types/strslice
  - api/types/swarm
  - api/types/time
  - api/types/versions
  - api/types/volume
  - client
  - pkg/tlsconfig
- name: github.com/docker/go-connections
  version: 7da10c8c50cad14494ec818dcdfb6506265c0086
  subpackages:
  - nat
  - sockets
  - tlsconfig
- name: github.com/docker/go-units
  version: 0dadbb0345b35ec7ef35e228dabb8de89a65bf52
- name: github.com/Microsoft/go-winio
  version: fff283ad5116362ca252298cfc9b95828956d85d
- name: github.com/miekg/dns
  version: f3c59acd3d12e2d713a4d2abce86cd44affee185
- name: github.com/opencontainers/go-digest
  version: aa2ec055abd10d26d539eb630a92241b781ce4bc
- name: github.com/pkg/errors
  version: 248dadf4e9068a0b3e79f02ed0a610d935de5302
- name: github.com/Sirupsen/logrus
  version: 61e43dc76f7ee59a82bdf3d71033dc12bea4c77d
- name: github.com/urfave/cli
  version: 347a9884a87374d000eec7e6445a34487c1f4a2b
- name: golang.org/x/net
  version: 236b8f043b920452504e263bc21d354427127473
  subpackages:
  - context
  - context/ctxhttp
  - proxy
- name: golang.org/x/sys
  version: 7a6e5648d140666db5d920909e082ca00a87ba2c
  subpackages:
  - unix
  - windows
testImports: []
