hash: 512d51000b209f6af213d09318a457c47cd5ed9f090f421ca6dbbbb3ded8173f
updated: 2016-09-13T14:35:08.708999904-04:00
imports:
- name: github.com/clinta/docker-events
  version: 01ae9bbe70fb92dc272f21d309cfe13084c157df
- name: github.com/docker/distribution
  version: 17fb0bb6b30838f3f80833c6522cb374549663ce
  subpackages:
  - digest
  - reference
- name: github.com/docker/docker
  version: 711455d34eb082ad11de1da2e2952dee017175ab
  subpackages:
  - api/types
  - api/types/blkiodev
  - api/types/container
  - api/types/events
  - api/types/filters
  - api/types/mount
  - api/types/network
  - api/types/reference
  - api/types/registry
  - api/types/strslice
  - api/types/swarm
  - api/types/time
  - api/types/versions
  - client
  - client/transport
  - client/transport/cancellable
  - pkg/tlsconfig
- name: github.com/docker/go-connections
  version: 0bad1a3951398f88ef4dd75fdb42af374430be89
  subpackages:
  - nat
  - sockets
  - tlsconfig
- name: github.com/docker/go-units
  version: f2145db703495b2e525c59662db69a7344b00bb8
- name: github.com/Microsoft/go-winio
  version: ce2922f643c8fd76b46cadc7f404a06282678b34
- name: github.com/miekg/dns
  version: db96a2b759cdef4f11a34506a42eb8d1290c598e
- name: github.com/opencontainers/runc
  version: c520720728515d546d8debe937ff489abf718b79
  subpackages:
  - libcontainer/user
- name: github.com/pkg/errors
  version: 17b591df37844cde689f4d5813e5cea0927d8dd2
- name: github.com/Sirupsen/logrus
  version: 08a8a7c27e3d058a8989316a850daad1c10bf4ab
- name: github.com/urfave/cli
  version: 168c95418e66e019fe17b8f4f5c45aa62ff80e23
- name: golang.org/x/net
  version: 07b51741c1d6423d4a6abab1c49940ec09cb1aaf
  subpackages:
  - context
  - proxy
- name: golang.org/x/sys
  version: a646d33e2ee3172a661fc09bca23bb4889a41bc8
  subpackages:
  - unix
  - windows
testImports: []
